# THIS IS AN AUTOGENERATED FILE. DO NOT EDIT THIS FILE DIRECTLY.
# yarn lockfile v1


"node-bin-setup@^1.0.0":
  "integrity" "sha512-uPIxXNis1CRbv1DwqAxkgBk5NFV3s7cMN/Gf556jSw6jBvV7ca4F9lRL/8cALcZecRibeqU+5dFYqFFmzv5a0Q=="
  "resolved" "https://registry.npmjs.org/node-bin-setup/-/node-bin-setup-1.0.6.tgz"
  "version" "1.0.6"

"node@^17.3.0":
  "integrity" "sha512-Qftg93Mt+OkF0zmCELRFtBvpC7tian7sNg+I1vE97Mn6wV5gPj+jsii0B1K3NNqYgJac8Em50QZMbU8p/M9mCQ=="
  "resolved" "https://registry.npmjs.org/node/-/node-17.3.0.tgz"
  "version" "17.3.0"
  dependencies:
    "node-bin-setup" "^1.0.0"
